
Microsoft Visual Studio Solution File, Format Version 12.00
# Visual Studio Version 16
VisualStudioVersion = 16.0.28803.156
MinimumVisualStudioVersion = 10.0.40219.1
Project("{9A19103F-16F7-4668-BE54-9A1E7A4F7556}") = "netsh", "src\netsh.csproj", "{4D622919-CAB2-44BF-B64E-76C18A0CDC5D}"
EndProject
Project("{2150E333-8FDC-42A3-9474-1A3956D46DE8}") = "solution", "solution", "{1FA55849-62BA-4095-9AC2-3902AE3164B7}"
	ProjectSection(SolutionItems) = preProject
		.gitattributes = .gitattributes
		.gitignore = .gitignore
		.travis.yml = .travis.yml
		azure-pipelines.yml = azure-pipelines.yml
		LICENSE = LICENSE
		README.md = README.md
	EndProjectSection
EndProject
Project("{2150E333-8FDC-42A3-9474-1A3956D46DE8}") = "src", "src", "{742938DE-6C04-44C1-B055-27A1F8E1A8D5}"
EndProject
Project("{2150E333-8FDC-42A3-9474-1A3956D46DE8}") = ".github", ".github", "{7CA46522-C7B1-45AA-916B-AFD284CC90E2}"
EndProject
Project("{2150E333-8FDC-42A3-9474-1A3956D46DE8}") = "workflows", "workflows", "{615199E8-3F2A-41A8-9491-3C53853497E1}"
	ProjectSection(SolutionItems) = preProject
		.github\workflows\netsh.yml = .github\workflows\netsh.yml
	EndProjectSection
EndProject
Global
	GlobalSection(SolutionConfigurationPlatforms) = preSolution
		Debug|Any CPU = Debug|Any CPU
		Release|Any CPU = Release|Any CPU
	EndGlobalSection
	GlobalSection(ProjectConfigurationPlatforms) = postSolution
		{4D622919-CAB2-44BF-B64E-76C18A0CDC5D}.Debug|Any CPU.ActiveCfg = Debug|Any CPU
		{4D622919-CAB2-44BF-B64E-76C18A0CDC5D}.Debug|Any CPU.Build.0 = Debug|Any CPU
		{4D622919-CAB2-44BF-B64E-76C18A0CDC5D}.Release|Any CPU.ActiveCfg = Release|Any CPU
		{4D622919-CAB2-44BF-B64E-76C18A0CDC5D}.Release|Any CPU.Build.0 = Release|Any CPU
	EndGlobalSection
	GlobalSection(SolutionProperties) = preSolution
		HideSolutionNode = FALSE
	EndGlobalSection
	GlobalSection(NestedProjects) = preSolution
		{4D622919-CAB2-44BF-B64E-76C18A0CDC5D} = {742938DE-6C04-44C1-B055-27A1F8E1A8D5}
		{615199E8-3F2A-41A8-9491-3C53853497E1} = {7CA46522-C7B1-45AA-916B-AFD284CC90E2}
	EndGlobalSection
	GlobalSection(ExtensibilityGlobals) = postSolution
		SolutionGuid = {0D5C05D7-4BBB-4779-B907-770A50A140F7}
	EndGlobalSection
EndGlobal
